// !$*UTF8*$!
{
	archiveVersion = 1;
	classes = {
	};
	objectVersion = 56;
	objects = {

/* Begin PBXBuildFile section */
		482C0BA62B25E027006EDAC8 /* ClubManagerApp.swift in Sources */ = {isa = PBXBuildFile; fileRef = 482C0BA52B25E027006EDAC8 /* ClubManagerApp.swift */; };
		482C0BAA2B25E02C006EDAC8 /* Assets.xcassets in Resources */ = {isa = PBXBuildFile; fileRef = 482C0BA92B25E02C006EDAC8 /* Assets.xcassets */; };
		482C0BAD2B25E02C006EDAC8 /* Preview Assets.xcassets in Resources */ = {isa = PBXBuildFile; fileRef = 482C0BAC2B25E02C006EDAC8 /* Preview Assets.xcassets */; };
		482C0BB72B25E02D006EDAC8 /* ClubManagerTests.swift in Sources */ = {isa = PBXBuildFile; fileRef = 482C0BB62B25E02D006EDAC8 /* ClubManagerTests.swift */; };
		482C0BC12B25E02D006EDAC8 /* ClubManagerUITests.swift in Sources */ = {isa = PBXBuildFile; fileRef = 482C0BC02B25E02D006EDAC8 /* ClubManagerUITests.swift */; };
		482C0BC32B25E02D006EDAC8 /* ClubManagerUITestsLaunchTests.swift in Sources */ = {isa = PBXBuildFile; fileRef = 482C0BC22B25E02D006EDAC8 /* ClubManagerUITestsLaunchTests.swift */; };
		482C0BD42B25E19B006EDAC8 /* LoginView.swift in Sources */ = {isa = PBXBuildFile; fileRef = 482C0BD32B25E19B006EDAC8 /* LoginView.swift */; };
		482C0BD92B25EBF9006EDAC8 /* Constant.swift in Sources */ = {isa = PBXBuildFile; fileRef = 482C0BD82B25EBF9006EDAC8 /* Constant.swift */; };
		48EF413B2B2601860063C44C /* AppleSignInButton.swift in Sources */ = {isa = PBXBuildFile; fileRef = 48EF413A2B2601860063C44C /* AppleSignInButton.swift */; };
		48EF413D2B2602EE0063C44C /* KakaoSignInButton.swift in Sources */ = {isa = PBXBuildFile; fileRef = 48EF413C2B2602EE0063C44C /* KakaoSignInButton.swift */; };
		A5EC7D7BF82BE7262A04B166 /* Pods_ClubManagerTests.framework in Frameworks */ = {isa = PBXBuildFile; fileRef = 5A7A0CEFF616C7873FECB4A2 /* Pods_ClubManagerTests.framework */; };
		F53A0FEB741E66AED28587B9 /* Pods_ClubManager.framework in Frameworks */ = {isa = PBXBuildFile; fileRef = 7CA1532728F1DF32F4009684 /* Pods_ClubManager.framework */; };
		FB438B67B2450B41BBB51684 /* Pods_ClubManager_ClubManagerUITests.framework in Frameworks */ = {isa = PBXBuildFile; fileRef = 355DC2B5D7768381E6F16E1F /* Pods_ClubManager_ClubManagerUITests.framework */; };
/* End PBXBuildFile section */

/* Begin PBXContainerItemProxy section */
		482C0BB32B25E02D006EDAC8 /* PBXContainerItemProxy */ = {
			isa = PBXContainerItemProxy;
			containerPortal = 482C0B9A2B25E027006EDAC8 /* Project object */;
			proxyType = 1;
			remoteGlobalIDString = 482C0BA12B25E027006EDAC8;
			remoteInfo = ClubManager;
		};
		482C0BBD2B25E02D006EDAC8 /* PBXContainerItemProxy */ = {
			isa = PBXContainerItemProxy;
			containerPortal = 482C0B9A2B25E027006EDAC8 /* Project object */;
			proxyType = 1;
			remoteGlobalIDString = 482C0BA12B25E027006EDAC8;
			remoteInfo = ClubManager;
		};
/* End PBXContainerItemProxy section */

/* Begin PBXFileReference section */
		18ECCFD065744797D603CD6A /* Pods-ClubManager-ClubManagerUITests.release.xcconfig */ = {isa = PBXFileReference; includeInIndex = 1; lastKnownFileType = text.xcconfig; name = "Pods-ClubManager-ClubManagerUITests.release.xcconfig"; path = "Target Support Files/Pods-ClubManager-ClubManagerUITests/Pods-ClubManager-ClubManagerUITests.release.xcconfig"; sourceTree = "<group>"; };
		24CF647605E4227D776D283F /* Pods-ClubManager.release.xcconfig */ = {isa = PBXFileReference; includeInIndex = 1; lastKnownFileType = text.xcconfig; name = "Pods-ClubManager.release.xcconfig"; path = "Target Support Files/Pods-ClubManager/Pods-ClubManager.release.xcconfig"; sourceTree = "<group>"; };
		355DC2B5D7768381E6F16E1F /* Pods_ClubManager_ClubManagerUITests.framework */ = {isa = PBXFileReference; explicitFileType = wrapper.framework; includeInIndex = 0; path = Pods_ClubManager_ClubManagerUITests.framework; sourceTree = BUILT_PRODUCTS_DIR; };
		482C0BA22B25E027006EDAC8 /* ClubManager.app */ = {isa = PBXFileReference; explicitFileType = wrapper.application; includeInIndex = 0; path = ClubManager.app; sourceTree = BUILT_PRODUCTS_DIR; };
		482C0BA52B25E027006EDAC8 /* ClubManagerApp.swift */ = {isa = PBXFileReference; lastKnownFileType = sourcecode.swift; path = ClubManagerApp.swift; sourceTree = "<group>"; };
		482C0BA92B25E02C006EDAC8 /* Assets.xcassets */ = {isa = PBXFileReference; lastKnownFileType = folder.assetcatalog; path = Assets.xcassets; sourceTree = "<group>"; };
		482C0BAC2B25E02C006EDAC8 /* Preview Assets.xcassets */ = {isa = PBXFileReference; lastKnownFileType = folder.assetcatalog; path = "Preview Assets.xcassets"; sourceTree = "<group>"; };
		482C0BB22B25E02D006EDAC8 /* ClubManagerTests.xctest */ = {isa = PBXFileReference; explicitFileType = wrapper.cfbundle; includeInIndex = 0; path = ClubManagerTests.xctest; sourceTree = BUILT_PRODUCTS_DIR; };
		482C0BB62B25E02D006EDAC8 /* ClubManagerTests.swift */ = {isa = PBXFileReference; lastKnownFileType = sourcecode.swift; path = ClubManagerTests.swift; sourceTree = "<group>"; };
		482C0BBC2B25E02D006EDAC8 /* ClubManagerUITests.xctest */ = {isa = PBXFileReference; explicitFileType = wrapper.cfbundle; includeInIndex = 0; path = ClubManagerUITests.xctest; sourceTree = BUILT_PRODUCTS_DIR; };
		482C0BC02B25E02D006EDAC8 /* ClubManagerUITests.swift */ = {isa = PBXFileReference; lastKnownFileType = sourcecode.swift; path = ClubManagerUITests.swift; sourceTree = "<group>"; };
		482C0BC22B25E02D006EDAC8 /* ClubManagerUITestsLaunchTests.swift */ = {isa = PBXFileReference; lastKnownFileType = sourcecode.swift; path = ClubManagerUITestsLaunchTests.swift; sourceTree = "<group>"; };
		482C0BD32B25E19B006EDAC8 /* LoginView.swift */ = {isa = PBXFileReference; lastKnownFileType = sourcecode.swift; path = LoginView.swift; sourceTree = "<group>"; };
		482C0BD52B25E9AC006EDAC8 /* Info.plist */ = {isa = PBXFileReference; lastKnownFileType = text.plist.xml; path = Info.plist; sourceTree = "<group>"; };
		482C0BD82B25EBF9006EDAC8 /* Constant.swift */ = {isa = PBXFileReference; lastKnownFileType = sourcecode.swift; path = Constant.swift; sourceTree = "<group>"; };
		48EF41392B2600D00063C44C /* ClubManager.entitlements */ = {isa = PBXFileReference; lastKnownFileType = text.plist.entitlements; path = ClubManager.entitlements; sourceTree = "<group>"; };
		48EF413A2B2601860063C44C /* AppleSignInButton.swift */ = {isa = PBXFileReference; lastKnownFileType = sourcecode.swift; path = AppleSignInButton.swift; sourceTree = "<group>"; };
		48EF413C2B2602EE0063C44C /* KakaoSignInButton.swift */ = {isa = PBXFileReference; lastKnownFileType = sourcecode.swift; path = KakaoSignInButton.swift; sourceTree = "<group>"; };
		5A7A0CEFF616C7873FECB4A2 /* Pods_ClubManagerTests.framework */ = {isa = PBXFileReference; explicitFileType = wrapper.framework; includeInIndex = 0; path = Pods_ClubManagerTests.framework; sourceTree = BUILT_PRODUCTS_DIR; };
		5AB585AB5B69F41F1A1F2227 /* Pods-ClubManager-ClubManagerUITests.debug.xcconfig */ = {isa = PBXFileReference; includeInIndex = 1; lastKnownFileType = text.xcconfig; name = "Pods-ClubManager-ClubManagerUITests.debug.xcconfig"; path = "Target Support Files/Pods-ClubManager-ClubManagerUITests/Pods-ClubManager-ClubManagerUITests.debug.xcconfig"; sourceTree = "<group>"; };
		6357D06F2E4E92DF2FC4B9AB /* Pods-ClubManagerTests.debug.xcconfig */ = {isa = PBXFileReference; includeInIndex = 1; lastKnownFileType = text.xcconfig; name = "Pods-ClubManagerTests.debug.xcconfig"; path = "Target Support Files/Pods-ClubManagerTests/Pods-ClubManagerTests.debug.xcconfig"; sourceTree = "<group>"; };
		7CA1532728F1DF32F4009684 /* Pods_ClubManager.framework */ = {isa = PBXFileReference; explicitFileType = wrapper.framework; includeInIndex = 0; path = Pods_ClubManager.framework; sourceTree = BUILT_PRODUCTS_DIR; };
		804294961A01999B4CB86114 /* Pods-ClubManagerTests.release.xcconfig */ = {isa = PBXFileReference; includeInIndex = 1; lastKnownFileType = text.xcconfig; name = "Pods-ClubManagerTests.release.xcconfig"; path = "Target Support Files/Pods-ClubManagerTests/Pods-ClubManagerTests.release.xcconfig"; sourceTree = "<group>"; };
		F1C1F6B8B81D04B547C143CC /* Pods-ClubManager.debug.xcconfig */ = {isa = PBXFileReference; includeInIndex = 1; lastKnownFileType = text.xcconfig; name = "Pods-ClubManager.debug.xcconfig"; path = "Target Support Files/Pods-ClubManager/Pods-ClubManager.debug.xcconfig"; sourceTree = "<group>"; };
/* End PBXFileReference section */

/* Begin PBXFrameworksBuildPhase section */
		482C0B9F2B25E027006EDAC8 /* Frameworks */ = {
			isa = PBXFrameworksBuildPhase;
			buildActionMask = 2147483647;
			files = (
				F53A0FEB741E66AED28587B9 /* Pods_ClubManager.framework in Frameworks */,
			);
			runOnlyForDeploymentPostprocessing = 0;
		};
		482C0BAF2B25E02D006EDAC8 /* Frameworks */ = {
			isa = PBXFrameworksBuildPhase;
			buildActionMask = 2147483647;
			files = (
				A5EC7D7BF82BE7262A04B166 /* Pods_ClubManagerTests.framework in Frameworks */,
			);
			runOnlyForDeploymentPostprocessing = 0;
		};
		482C0BB92B25E02D006EDAC8 /* Frameworks */ = {
			isa = PBXFrameworksBuildPhase;
			buildActionMask = 2147483647;
			files = (
				FB438B67B2450B41BBB51684 /* Pods_ClubManager_ClubManagerUITests.framework in Frameworks */,
			);
			runOnlyForDeploymentPostprocessing = 0;
		};
/* End PBXFrameworksBuildPhase section */

/* Begin PBXGroup section */
		42130C390C487EABDA432C7D /* Pods */ = {
			isa = PBXGroup;
			children = (
				F1C1F6B8B81D04B547C143CC /* Pods-ClubManager.debug.xcconfig */,
				24CF647605E4227D776D283F /* Pods-ClubManager.release.xcconfig */,
				5AB585AB5B69F41F1A1F2227 /* Pods-ClubManager-ClubManagerUITests.debug.xcconfig */,
				18ECCFD065744797D603CD6A /* Pods-ClubManager-ClubManagerUITests.release.xcconfig */,
				6357D06F2E4E92DF2FC4B9AB /* Pods-ClubManagerTests.debug.xcconfig */,
				804294961A01999B4CB86114 /* Pods-ClubManagerTests.release.xcconfig */,
			);
			path = Pods;
			sourceTree = "<group>";
		};
		482C0B992B25E027006EDAC8 = {
			isa = PBXGroup;
			children = (
				482C0BA42B25E027006EDAC8 /* ClubManager */,
				482C0BB52B25E02D006EDAC8 /* ClubManagerTests */,
				482C0BBF2B25E02D006EDAC8 /* ClubManagerUITests */,
				482C0BA32B25E027006EDAC8 /* Products */,
				42130C390C487EABDA432C7D /* Pods */,
				A93DE957377335A61C85B52F /* Frameworks */,
			);
			sourceTree = "<group>";
		};
		482C0BA32B25E027006EDAC8 /* Products */ = {
			isa = PBXGroup;
			children = (
				482C0BA22B25E027006EDAC8 /* ClubManager.app */,
				482C0BB22B25E02D006EDAC8 /* ClubManagerTests.xctest */,
				482C0BBC2B25E02D006EDAC8 /* ClubManagerUITests.xctest */,
			);
			name = Products;
			sourceTree = "<group>";
		};
		482C0BA42B25E027006EDAC8 /* ClubManager */ = {
			isa = PBXGroup;
			children = (
				48EF41392B2600D00063C44C /* ClubManager.entitlements */,
				482C0BD52B25E9AC006EDAC8 /* Info.plist */,
				482C0BD72B25EBEA006EDAC8 /* Common */,
				482C0BD62B25EBAF006EDAC8 /* Resources */,
				482C0BD02B25E0FA006EDAC8 /* RegisterMyInfo */,
				482C0BCF2B25E0E4006EDAC8 /* Login */,
				482C0BA52B25E027006EDAC8 /* ClubManagerApp.swift */,
				482C0BAB2B25E02C006EDAC8 /* Preview Content */,
			);
			path = ClubManager;
			sourceTree = "<group>";
		};
		482C0BAB2B25E02C006EDAC8 /* Preview Content */ = {
			isa = PBXGroup;
			children = (
				482C0BAC2B25E02C006EDAC8 /* Preview Assets.xcassets */,
			);
			path = "Preview Content";
			sourceTree = "<group>";
		};
		482C0BB52B25E02D006EDAC8 /* ClubManagerTests */ = {
			isa = PBXGroup;
			children = (
				482C0BB62B25E02D006EDAC8 /* ClubManagerTests.swift */,
			);
			path = ClubManagerTests;
			sourceTree = "<group>";
		};
		482C0BBF2B25E02D006EDAC8 /* ClubManagerUITests */ = {
			isa = PBXGroup;
			children = (
				482C0BC02B25E02D006EDAC8 /* ClubManagerUITests.swift */,
				482C0BC22B25E02D006EDAC8 /* ClubManagerUITestsLaunchTests.swift */,
			);
			path = ClubManagerUITests;
			sourceTree = "<group>";
		};
		482C0BCF2B25E0E4006EDAC8 /* Login */ = {
			isa = PBXGroup;
			children = (
				482C0BD32B25E19B006EDAC8 /* LoginView.swift */,
				48EF413A2B2601860063C44C /* AppleSignInButton.swift */,
				48EF413C2B2602EE0063C44C /* KakaoSignInButton.swift */,
			);
			path = Login;
			sourceTree = "<group>";
		};
		482C0BD02B25E0FA006EDAC8 /* RegisterMyInfo */ = {
			isa = PBXGroup;
			children = (
			);
			path = RegisterMyInfo;
			sourceTree = "<group>";
		};
		482C0BD62B25EBAF006EDAC8 /* Resources */ = {
			isa = PBXGroup;
			children = (
				482C0BA92B25E02C006EDAC8 /* Assets.xcassets */,
			);
			path = Resources;
			sourceTree = "<group>";
		};
		482C0BD72B25EBEA006EDAC8 /* Common */ = {
			isa = PBXGroup;
			children = (
				482C0BD82B25EBF9006EDAC8 /* Constant.swift */,
			);
			path = Common;
			sourceTree = "<group>";
		};
		A93DE957377335A61C85B52F /* Frameworks */ = {
			isa = PBXGroup;
			children = (
				7CA1532728F1DF32F4009684 /* Pods_ClubManager.framework */,
				355DC2B5D7768381E6F16E1F /* Pods_ClubManager_ClubManagerUITests.framework */,
				5A7A0CEFF616C7873FECB4A2 /* Pods_ClubManagerTests.framework */,
			);
			name = Frameworks;
			sourceTree = "<group>";
		};
/* End PBXGroup section */

/* Begin PBXNativeTarget section */
		482C0BA12B25E027006EDAC8 /* ClubManager */ = {
			isa = PBXNativeTarget;
			buildConfigurationList = 482C0BC62B25E02D006EDAC8 /* Build configuration list for PBXNativeTarget "ClubManager" */;
			buildPhases = (
				13DF722A2D85CEC8F4D37832 /* [CP] Check Pods Manifest.lock */,
				482C0B9E2B25E027006EDAC8 /* Sources */,
				482C0B9F2B25E027006EDAC8 /* Frameworks */,
				482C0BA02B25E027006EDAC8 /* Resources */,
				FD665E547AEC2D809F7ACBE9 /* [CP] Embed Pods Frameworks */,
			);
			buildRules = (
			);
			dependencies = (
			);
			name = ClubManager;
			productName = ClubManager;
			productReference = 482C0BA22B25E027006EDAC8 /* ClubManager.app */;
			productType = "com.apple.product-type.application";
		};
		482C0BB12B25E02D006EDAC8 /* ClubManagerTests */ = {
			isa = PBXNativeTarget;
			buildConfigurationList = 482C0BC92B25E02D006EDAC8 /* Build configuration list for PBXNativeTarget "ClubManagerTests" */;
			buildPhases = (
				FB4BBD8281D8675730748460 /* [CP] Check Pods Manifest.lock */,
				482C0BAE2B25E02D006EDAC8 /* Sources */,
				482C0BAF2B25E02D006EDAC8 /* Frameworks */,
				482C0BB02B25E02D006EDAC8 /* Resources */,
			);
			buildRules = (
			);
			dependencies = (
				482C0BB42B25E02D006EDAC8 /* PBXTargetDependency */,
			);
			name = ClubManagerTests;
			productName = ClubManagerTests;
			productReference = 482C0BB22B25E02D006EDAC8 /* ClubManagerTests.xctest */;
			productType = "com.apple.product-type.bundle.unit-test";
		};
		482C0BBB2B25E02D006EDAC8 /* ClubManagerUITests */ = {
			isa = PBXNativeTarget;
			buildConfigurationList = 482C0BCC2B25E02D006EDAC8 /* Build configuration list for PBXNativeTarget "ClubManagerUITests" */;
			buildPhases = (
				F30FAC517770B7A00A4AD7AC /* [CP] Check Pods Manifest.lock */,
				482C0BB82B25E02D006EDAC8 /* Sources */,
				482C0BB92B25E02D006EDAC8 /* Frameworks */,
				482C0BBA2B25E02D006EDAC8 /* Resources */,
				AC3FEEBB5561D6FD51F29C14 /* [CP] Embed Pods Frameworks */,
			);
			buildRules = (
			);
			dependencies = (
				482C0BBE2B25E02D006EDAC8 /* PBXTargetDependency */,
			);
			name = ClubManagerUITests;
			productName = ClubManagerUITests;
			productReference = 482C0BBC2B25E02D006EDAC8 /* ClubManagerUITests.xctest */;
			productType = "com.apple.product-type.bundle.ui-testing";
		};
/* End PBXNativeTarget section */

/* Begin PBXProject section */
		482C0B9A2B25E027006EDAC8 /* Project object */ = {
			isa = PBXProject;
			attributes = {
				BuildIndependentTargetsInParallel = 1;
				LastSwiftUpdateCheck = 1500;
				LastUpgradeCheck = 1500;
				TargetAttributes = {
					482C0BA12B25E027006EDAC8 = {
						CreatedOnToolsVersion = 15.0.1;
					};
					482C0BB12B25E02D006EDAC8 = {
						CreatedOnToolsVersion = 15.0.1;
						TestTargetID = 482C0BA12B25E027006EDAC8;
					};
					482C0BBB2B25E02D006EDAC8 = {
						CreatedOnToolsVersion = 15.0.1;
						TestTargetID = 482C0BA12B25E027006EDAC8;
					};
				};
			};
			buildConfigurationList = 482C0B9D2B25E027006EDAC8 /* Build configuration list for PBXProject "ClubManager" */;
			compatibilityVersion = "Xcode 14.0";
			developmentRegion = en;
			hasScannedForEncodings = 0;
			knownRegions = (
				en,
				Base,
			);
			mainGroup = 482C0B992B25E027006EDAC8;
			productRefGroup = 482C0BA32B25E027006EDAC8 /* Products */;
			projectDirPath = "";
			projectRoot = "";
			targets = (
				482C0BA12B25E027006EDAC8 /* ClubManager */,
				482C0BB12B25E02D006EDAC8 /* ClubManagerTests */,
				482C0BBB2B25E02D006EDAC8 /* ClubManagerUITests */,
			);
		};
/* End PBXProject section */

/* Begin PBXResourcesBuildPhase section */
		482C0BA02B25E027006EDAC8 /* Resources */ = {
			isa = PBXResourcesBuildPhase;
			buildActionMask = 2147483647;
			files = (
				482C0BAD2B25E02C006EDAC8 /* Preview Assets.xcassets in Resources */,
				482C0BAA2B25E02C006EDAC8 /* Assets.xcassets in Resources */,
			);
			runOnlyForDeploymentPostprocessing = 0;
		};
		482C0BB02B25E02D006EDAC8 /* Resources */ = {
			isa = PBXResourcesBuildPhase;
			buildActionMask = 2147483647;
			files = (
			);
			runOnlyForDeploymentPostprocessing = 0;
		};
		482C0BBA2B25E02D006EDAC8 /* Resources */ = {
			isa = PBXResourcesBuildPhase;
			buildActionMask = 2147483647;
			files = (
			);
			runOnlyForDeploymentPostprocessing = 0;
		};
/* End PBXResourcesBuildPhase section */

/* Begin PBXShellScriptBuildPhase section */
		13DF722A2D85CEC8F4D37832 /* [CP] Check Pods Manifest.lock */ = {
			isa = PBXShellScriptBuildPhase;
			buildActionMask = 2147483647;
			files = (
			);
			inputFileListPaths = (
			);
			inputPaths = (
				"${PODS_PODFILE_DIR_PATH}/Podfile.lock",
				"${PODS_ROOT}/Manifest.lock",
			);
			name = "[CP] Check Pods Manifest.lock";
			outputFileListPaths = (
			);
			outputPaths = (
				"$(DERIVED_FILE_DIR)/Pods-ClubManager-checkManifestLockResult.txt",
			);
			runOnlyForDeploymentPostprocessing = 0;
			shellPath = /bin/sh;
			shellScript = "diff \"${PODS_PODFILE_DIR_PATH}/Podfile.lock\" \"${PODS_ROOT}/Manifest.lock\" > /dev/null\nif [ $? != 0 ] ; then\n    # print error to STDERR\n    echo \"error: The sandbox is not in sync with the Podfile.lock. Run 'pod install' or update your CocoaPods installation.\" >&2\n    exit 1\nfi\n# This output is used by Xcode 'outputs' to avoid re-running this script phase.\necho \"SUCCESS\" > \"${SCRIPT_OUTPUT_FILE_0}\"\n";
			showEnvVarsInLog = 0;
		};
		AC3FEEBB5561D6FD51F29C14 /* [CP] Embed Pods Frameworks */ = {
			isa = PBXShellScriptBuildPhase;
			buildActionMask = 2147483647;
			files = (
			);
			inputFileListPaths = (
				"${PODS_ROOT}/Target Support Files/Pods-ClubManager-ClubManagerUITests/Pods-ClubManager-ClubManagerUITests-frameworks-${CONFIGURATION}-input-files.xcfilelist",
			);
			name = "[CP] Embed Pods Frameworks";
			outputFileListPaths = (
				"${PODS_ROOT}/Target Support Files/Pods-ClubManager-ClubManagerUITests/Pods-ClubManager-ClubManagerUITests-frameworks-${CONFIGURATION}-output-files.xcfilelist",
			);
			runOnlyForDeploymentPostprocessing = 0;
			shellPath = /bin/sh;
			shellScript = "\"${PODS_ROOT}/Target Support Files/Pods-ClubManager-ClubManagerUITests/Pods-ClubManager-ClubManagerUITests-frameworks.sh\"\n";
			showEnvVarsInLog = 0;
		};
		F30FAC517770B7A00A4AD7AC /* [CP] Check Pods Manifest.lock */ = {
			isa = PBXShellScriptBuildPhase;
			buildActionMask = 2147483647;
			files = (
			);
			inputFileListPaths = (
			);
			inputPaths = (
				"${PODS_PODFILE_DIR_PATH}/Podfile.lock",
				"${PODS_ROOT}/Manifest.lock",
			);
			name = "[CP] Check Pods Manifest.lock";
			outputFileListPaths = (
			);
			outputPaths = (
				"$(DERIVED_FILE_DIR)/Pods-ClubManager-ClubManagerUITests-checkManifestLockResult.txt",
			);
			runOnlyForDeploymentPostprocessing = 0;
			shellPath = /bin/sh;
			shellScript = "diff \"${PODS_PODFILE_DIR_PATH}/Podfile.lock\" \"${PODS_ROOT}/Manifest.lock\" > /dev/null\nif [ $? != 0 ] ; then\n    # print error to STDERR\n    echo \"error: The sandbox is not in sync with the Podfile.lock. Run 'pod install' or update your CocoaPods installation.\" >&2\n    exit 1\nfi\n# This output is used by Xcode 'outputs' to avoid re-running this script phase.\necho \"SUCCESS\" > \"${SCRIPT_OUTPUT_FILE_0}\"\n";
			showEnvVarsInLog = 0;
		};
		FB4BBD8281D8675730748460 /* [CP] Check Pods Manifest.lock */ = {
			isa = PBXShellScriptBuildPhase;
			buildActionMask = 2147483647;
			files = (
			);
			inputFileListPaths = (
			);
			inputPaths = (
				"${PODS_PODFILE_DIR_PATH}/Podfile.lock",
				"${PODS_ROOT}/Manifest.lock",
			);
			name = "[CP] Check Pods Manifest.lock";
			outputFileListPaths = (
			);
			outputPaths = (
				"$(DERIVED_FILE_DIR)/Pods-ClubManagerTests-checkManifestLockResult.txt",
			);
			runOnlyForDeploymentPostprocessing = 0;
			shellPath = /bin/sh;
			shellScript = "diff \"${PODS_PODFILE_DIR_PATH}/Podfile.lock\" \"${PODS_ROOT}/Manifest.lock\" > /dev/null\nif [ $? != 0 ] ; then\n    # print error to STDERR\n    echo \"error: The sandbox is not in sync with the Podfile.lock. Run 'pod install' or update your CocoaPods installation.\" >&2\n    exit 1\nfi\n# This output is used by Xcode 'outputs' to avoid re-running this script phase.\necho \"SUCCESS\" > \"${SCRIPT_OUTPUT_FILE_0}\"\n";
			showEnvVarsInLog = 0;
		};
		FD665E547AEC2D809F7ACBE9 /* [CP] Embed Pods Frameworks */ = {
			isa = PBXShellScriptBuildPhase;
			buildActionMask = 2147483647;
			files = (
			);
			inputFileListPaths = (
				"${PODS_ROOT}/Target Support Files/Pods-ClubManager/Pods-ClubManager-frameworks-${CONFIGURATION}-input-files.xcfilelist",
			);
			name = "[CP] Embed Pods Frameworks";
			outputFileListPaths = (
				"${PODS_ROOT}/Target Support Files/Pods-ClubManager/Pods-ClubManager-frameworks-${CONFIGURATION}-output-files.xcfilelist",
			);
			runOnlyForDeploymentPostprocessing = 0;
			shellPath = /bin/sh;
			shellScript = "\"${PODS_ROOT}/Target Support Files/Pods-ClubManager/Pods-ClubManager-frameworks.sh\"\n";
			showEnvVarsInLog = 0;
		};
/* End PBXShellScriptBuildPhase section */

/* Begin PBXSourcesBuildPhase section */
		482C0B9E2B25E027006EDAC8 /* Sources */ = {
			isa = PBXSourcesBuildPhase;
			buildActionMask = 2147483647;
			files = (
				482C0BD42B25E19B006EDAC8 /* LoginView.swift in Sources */,
				48EF413D2B2602EE0063C44C /* KakaoSignInButton.swift in Sources */,
				482C0BA62B25E027006EDAC8 /* ClubManagerApp.swift in Sources */,
				48EF413B2B2601860063C44C /* AppleSignInButton.swift in Sources */,
				482C0BD92B25EBF9006EDAC8 /* Constant.swift in Sources */,
			);
			runOnlyForDeploymentPostprocessing = 0;
		};
		482C0BAE2B25E02D006EDAC8 /* Sources */ = {
			isa = PBXSourcesBuildPhase;
			buildActionMask = 2147483647;
			files = (
				482C0BB72B25E02D006EDAC8 /* ClubManagerTests.swift in Sources */,
			);
			runOnlyForDeploymentPostprocessing = 0;
		};
		482C0BB82B25E02D006EDAC8 /* Sources */ = {
			isa = PBXSourcesBuildPhase;
			buildActionMask = 2147483647;
			files = (
				482C0BC32B25E02D006EDAC8 /* ClubManagerUITestsLaunchTests.swift in Sources */,
				482C0BC12B25E02D006EDAC8 /* ClubManagerUITests.swift in Sources */,
			);
			runOnlyForDeploymentPostprocessing = 0;
		};
/* End PBXSourcesBuildPhase section */

/* Begin PBXTargetDependency section */
		482C0BB42B25E02D006EDAC8 /* PBXTargetDependency */ = {
			isa = PBXTargetDependency;
			target = 482C0BA12B25E027006EDAC8 /* ClubManager */;
			targetProxy = 482C0BB32B25E02D006EDAC8 /* PBXContainerItemProxy */;
		};
		482C0BBE2B25E02D006EDAC8 /* PBXTargetDependency */ = {
			isa = PBXTargetDependency;
			target = 482C0BA12B25E027006EDAC8 /* ClubManager */;
			targetProxy = 482C0BBD2B25E02D006EDAC8 /* PBXContainerItemProxy */;
		};
/* End PBXTargetDependency section */

/* Begin XCBuildConfiguration section */
		482C0BC42B25E02D006EDAC8 /* Debug */ = {
			isa = XCBuildConfiguration;
			buildSettings = {
				ALWAYS_SEARCH_USER_PATHS = NO;
				ASSETCATALOG_COMPILER_GENERATE_SWIFT_ASSET_SYMBOL_EXTENSIONS = YES;
				CLANG_ANALYZER_NONNULL = YES;
				CLANG_ANALYZER_NUMBER_OBJECT_CONVERSION = YES_AGGRESSIVE;
				CLANG_CXX_LANGUAGE_STANDARD = "gnu++20";
				CLANG_ENABLE_MODULES = YES;
				CLANG_ENABLE_OBJC_ARC = YES;
				CLANG_ENABLE_OBJC_WEAK = YES;
				CLANG_WARN_BLOCK_CAPTURE_AUTORELEASING = YES;
				CLANG_WARN_BOOL_CONVERSION = YES;
				CLANG_WARN_COMMA = YES;
				CLANG_WARN_CONSTANT_CONVERSION = YES;
				CLANG_WARN_DEPRECATED_OBJC_IMPLEMENTATIONS = YES;
				CLANG_WARN_DIRECT_OBJC_ISA_USAGE = YES_ERROR;
				CLANG_WARN_DOCUMENTATION_COMMENTS = YES;
				CLANG_WARN_EMPTY_BODY = YES;
				CLANG_WARN_ENUM_CONVERSION = YES;
				CLANG_WARN_INFINITE_RECURSION = YES;
				CLANG_WARN_INT_CONVERSION = YES;
				CLANG_WARN_NON_LITERAL_NULL_CONVERSION = YES;
				CLANG_WARN_OBJC_IMPLICIT_RETAIN_SELF = YES;
				CLANG_WARN_OBJC_LITERAL_CONVERSION = YES;
				CLANG_WARN_OBJC_ROOT_CLASS = YES_ERROR;
				CLANG_WARN_QUOTED_INCLUDE_IN_FRAMEWORK_HEADER = YES;
				CLANG_WARN_RANGE_LOOP_ANALYSIS = YES;
				CLANG_WARN_STRICT_PROTOTYPES = YES;
				CLANG_WARN_SUSPICIOUS_MOVE = YES;
				CLANG_WARN_UNGUARDED_AVAILABILITY = YES_AGGRESSIVE;
				CLANG_WARN_UNREACHABLE_CODE = YES;
				CLANG_WARN__DUPLICATE_METHOD_MATCH = YES;
				COPY_PHASE_STRIP = NO;
				DEBUG_INFORMATION_FORMAT = dwarf;
				ENABLE_STRICT_OBJC_MSGSEND = YES;
				ENABLE_TESTABILITY = YES;
				ENABLE_USER_SCRIPT_SANDBOXING = YES;
				GCC_C_LANGUAGE_STANDARD = gnu17;
				GCC_DYNAMIC_NO_PIC = NO;
				GCC_NO_COMMON_BLOCKS = YES;
				GCC_OPTIMIZATION_LEVEL = 0;
				GCC_PREPROCESSOR_DEFINITIONS = (
					"DEBUG=1",
					"$(inherited)",
				);
				GCC_WARN_64_TO_32_BIT_CONVERSION = YES;
				GCC_WARN_ABOUT_RETURN_TYPE = YES_ERROR;
				GCC_WARN_UNDECLARED_SELECTOR = YES;
				GCC_WARN_UNINITIALIZED_AUTOS = YES_AGGRESSIVE;
				GCC_WARN_UNUSED_FUNCTION = YES;
				GCC_WARN_UNUSED_VARIABLE = YES;
				IPHONEOS_DEPLOYMENT_TARGET = 15.0;
				LOCALIZATION_PREFERS_STRING_CATALOGS = YES;
				MTL_ENABLE_DEBUG_INFO = INCLUDE_SOURCE;
				MTL_FAST_MATH = YES;
				ONLY_ACTIVE_ARCH = YES;
				SDKROOT = iphoneos;
				SWIFT_ACTIVE_COMPILATION_CONDITIONS = "DEBUG $(inherited)";
				SWIFT_OPTIMIZATION_LEVEL = "-Onone";
			};
			name = Debug;
		};
		482C0BC52B25E02D006EDAC8 /* Release */ = {
			isa = XCBuildConfiguration;
			buildSettings = {
				ALWAYS_SEARCH_USER_PATHS = NO;
				ASSETCATALOG_COMPILER_GENERATE_SWIFT_ASSET_SYMBOL_EXTENSIONS = YES;
				CLANG_ANALYZER_NONNULL = YES;
				CLANG_ANALYZER_NUMBER_OBJECT_CONVERSION = YES_AGGRESSIVE;
				CLANG_CXX_LANGUAGE_STANDARD = "gnu++20";
				CLANG_ENABLE_MODULES = YES;
				CLANG_ENABLE_OBJC_ARC = YES;
				CLANG_ENABLE_OBJC_WEAK = YES;
				CLANG_WARN_BLOCK_CAPTURE_AUTORELEASING = YES;
				CLANG_WARN_BOOL_CONVERSION = YES;
				CLANG_WARN_COMMA = YES;
				CLANG_WARN_CONSTANT_CONVERSION = YES;
				CLANG_WARN_DEPRECATED_OBJC_IMPLEMENTATIONS = YES;
				CLANG_WARN_DIRECT_OBJC_ISA_USAGE = YES_ERROR;
				CLANG_WARN_DOCUMENTATION_COMMENTS = YES;
				CLANG_WARN_EMPTY_BODY = YES;
				CLANG_WARN_ENUM_CONVERSION = YES;
				CLANG_WARN_INFINITE_RECURSION = YES;
				CLANG_WARN_INT_CONVERSION = YES;
				CLANG_WARN_NON_LITERAL_NULL_CONVERSION = YES;
				CLANG_WARN_OBJC_IMPLICIT_RETAIN_SELF = YES;
				CLANG_WARN_OBJC_LITERAL_CONVERSION = YES;
				CLANG_WARN_OBJC_ROOT_CLASS = YES_ERROR;
				CLANG_WARN_QUOTED_INCLUDE_IN_FRAMEWORK_HEADER = YES;
				CLANG_WARN_RANGE_LOOP_ANALYSIS = YES;
				CLANG_WARN_STRICT_PROTOTYPES = YES;
				CLANG_WARN_SUSPICIOUS_MOVE = YES;
				CLANG_WARN_UNGUARDED_AVAILABILITY = YES_AGGRESSIVE;
				CLANG_WARN_UNREACHABLE_CODE = YES;
				CLANG_WARN__DUPLICATE_METHOD_MATCH = YES;
				COPY_PHASE_STRIP = NO;
				DEBUG_INFORMATION_FORMAT = "dwarf-with-dsym";
				ENABLE_NS_ASSERTIONS = NO;
				ENABLE_STRICT_OBJC_MSGSEND = YES;
				ENABLE_USER_SCRIPT_SANDBOXING = YES;
				GCC_C_LANGUAGE_STANDARD = gnu17;
				GCC_NO_COMMON_BLOCKS = YES;
				GCC_WARN_64_TO_32_BIT_CONVERSION = YES;
				GCC_WARN_ABOUT_RETURN_TYPE = YES_ERROR;
				GCC_WARN_UNDECLARED_SELECTOR = YES;
				GCC_WARN_UNINITIALIZED_AUTOS = YES_AGGRESSIVE;
				GCC_WARN_UNUSED_FUNCTION = YES;
				GCC_WARN_UNUSED_VARIABLE = YES;
				IPHONEOS_DEPLOYMENT_TARGET = 15.0;
				LOCALIZATION_PREFERS_STRING_CATALOGS = YES;
				MTL_ENABLE_DEBUG_INFO = NO;
				MTL_FAST_MATH = YES;
				SDKROOT = iphoneos;
				SWIFT_COMPILATION_MODE = wholemodule;
				VALIDATE_PRODUCT = YES;
			};
			name = Release;
		};
		482C0BC72B25E02D006EDAC8 /* Debug */ = {
			isa = XCBuildConfiguration;
			baseConfigurationReference = F1C1F6B8B81D04B547C143CC /* Pods-ClubManager.debug.xcconfig */;
			buildSettings = {
				ASSETCATALOG_COMPILER_APPICON_NAME = AppIcon;
				ASSETCATALOG_COMPILER_GLOBAL_ACCENT_COLOR_NAME = AccentColor;
				CODE_SIGN_ENTITLEMENTS = ClubManager/ClubManager.entitlements;
				CODE_SIGN_STYLE = Automatic;
				CURRENT_PROJECT_VERSION = 1;
				DEVELOPMENT_ASSET_PATHS = "\"ClubManager/Preview Content\"";
				DEVELOPMENT_TEAM = K4Z8YS9YYL;
				ENABLE_PREVIEWS = YES;
				ENABLE_USER_SCRIPT_SANDBOXING = NO;
				GENERATE_INFOPLIST_FILE = YES;
				INFOPLIST_FILE = ClubManager/Info.plist;
				INFOPLIST_KEY_UIApplicationSceneManifest_Generation = YES;
				INFOPLIST_KEY_UIApplicationSupportsIndirectInputEvents = YES;
				INFOPLIST_KEY_UILaunchScreen_Generation = YES;
				INFOPLIST_KEY_UISupportedInterfaceOrientations_iPad = "UIInterfaceOrientationPortrait UIInterfaceOrientationPortraitUpsideDown UIInterfaceOrientationLandscapeLeft UIInterfaceOrientationLandscapeRight";
				INFOPLIST_KEY_UISupportedInterfaceOrientations_iPhone = "UIInterfaceOrientationPortrait UIInterfaceOrientationLandscapeLeft UIInterfaceOrientationLandscapeRight";
				IPHONEOS_DEPLOYMENT_TARGET = 15.0;
				LD_RUNPATH_SEARCH_PATHS = (
					"$(inherited)",
					"@executable_path/Frameworks",
				);
				MARKETING_VERSION = 1.0;
				PRODUCT_BUNDLE_IDENTIFIER = com.ClubManager.kor;
				PRODUCT_NAME = "$(TARGET_NAME)";
				SWIFT_EMIT_LOC_STRINGS = YES;
				SWIFT_VERSION = 5.0;
				TARGETED_DEVICE_FAMILY = "1,2";
			};
			name = Debug;
		};
		482C0BC82B25E02D006EDAC8 /* Release */ = {
			isa = XCBuildConfiguration;
			baseConfigurationReference = 24CF647605E4227D776D283F /* Pods-ClubManager.release.xcconfig */;
			buildSettings = {
				ASSETCATALOG_COMPILER_APPICON_NAME = AppIcon;
				ASSETCATALOG_COMPILER_GLOBAL_ACCENT_COLOR_NAME = AccentColor;
				CODE_SIGN_ENTITLEMENTS = ClubManager/ClubManager.entitlements;
				CODE_SIGN_STYLE = Automatic;
				CURRENT_PROJECT_VERSION = 1;
				DEVELOPMENT_ASSET_PATHS = "\"ClubManager/Preview Content\"";
				DEVELOPMENT_TEAM = K4Z8YS9YYL;
				ENABLE_PREVIEWS = YES;
				ENABLE_USER_SCRIPT_SANDBOXING = NO;
				GENERATE_INFOPLIST_FILE = YES;
				INFOPLIST_FILE = ClubManager/Info.plist;
				INFOPLIST_KEY_UIApplicationSceneManifest_Generation = YES;
				INFOPLIST_KEY_UIApplicationSupportsIndirectInputEvents = YES;
				INFOPLIST_KEY_UILaunchScreen_Generation = YES;
				INFOPLIST_KEY_UISupportedInterfaceOrientations_iPad = "UIInterfaceOrientationPortrait UIInterfaceOrientationPortraitUpsideDown UIInterfaceOrientationLandscapeLeft UIInterfaceOrientationLandscapeRight";
				INFOPLIST_KEY_UISupportedInterfaceOrientations_iPhone = "UIInterfaceOrientationPortrait UIInterfaceOrientationLandscapeLeft UIInterfaceOrientationLandscapeRight";
				IPHONEOS_DEPLOYMENT_TARGET = 15.0;
				LD_RUNPATH_SEARCH_PATHS = (
					"$(inherited)",
					"@executable_path/Frameworks",
				);
				MARKETING_VERSION = 1.0;
				PRODUCT_BUNDLE_IDENTIFIER = com.ClubManager.kor;
				PRODUCT_NAME = "$(TARGET_NAME)";
				SWIFT_EMIT_LOC_STRINGS = YES;
				SWIFT_VERSION = 5.0;
				TARGETED_DEVICE_FAMILY = "1,2";
			};
			name = Release;
		};
		482C0BCA2B25E02D006EDAC8 /* Debug */ = {
			isa = XCBuildConfiguration;
			baseConfigurationReference = 6357D06F2E4E92DF2FC4B9AB /* Pods-ClubManagerTests.debug.xcconfig */;
			buildSettings = {
				ALWAYS_EMBED_SWIFT_STANDARD_LIBRARIES = YES;
				BUNDLE_LOADER = "$(TEST_HOST)";
				CODE_SIGN_STYLE = Automatic;
				CURRENT_PROJECT_VERSION = 1;
				DEVELOPMENT_TEAM = K4Z8YS9YYL;
				GENERATE_INFOPLIST_FILE = YES;
				IPHONEOS_DEPLOYMENT_TARGET = 17.0;
				MARKETING_VERSION = 1.0;
				PRODUCT_BUNDLE_IDENTIFIER = com.ClubManagerTests;
				PRODUCT_NAME = "$(TARGET_NAME)";
				SWIFT_EMIT_LOC_STRINGS = NO;
				SWIFT_VERSION = 5.0;
				TARGETED_DEVICE_FAMILY = "1,2";
				TEST_HOST = "$(BUILT_PRODUCTS_DIR)/ClubManager.app/$(BUNDLE_EXECUTABLE_FOLDER_PATH)/ClubManager";
			};
			name = Debug;
		};
		482C0BCB2B25E02D006EDAC8 /* Release */ = {
			isa = XCBuildConfiguration;
			baseConfigurationReference = 804294961A01999B4CB86114 /* Pods-ClubManagerTests.release.xcconfig */;
			buildSettings = {
				ALWAYS_EMBED_SWIFT_STANDARD_LIBRARIES = YES;
				BUNDLE_LOADER = "$(TEST_HOST)";
				CODE_SIGN_STYLE = Automatic;
				CURRENT_PROJECT_VERSION = 1;
				DEVELOPMENT_TEAM = K4Z8YS9YYL;
				GENERATE_INFOPLIST_FILE = YES;
				IPHONEOS_DEPLOYMENT_TARGET = 17.0;
				MARKETING_VERSION = 1.0;
				PRODUCT_BUNDLE_IDENTIFIER = com.ClubManagerTests;
				PRODUCT_NAME = "$(TARGET_NAME)";
				SWIFT_EMIT_LOC_STRINGS = NO;
				SWIFT_VERSION = 5.0;
				TARGETED_DEVICE_FAMILY = "1,2";
				TEST_HOST = "$(BUILT_PRODUCTS_DIR)/ClubManager.app/$(BUNDLE_EXECUTABLE_FOLDER_PATH)/ClubManager";
			};
			name = Release;
		};
		482C0BCD2B25E02D006EDAC8 /* Debug */ = {
			isa = XCBuildConfiguration;
			baseConfigurationReference = 5AB585AB5B69F41F1A1F2227 /* Pods-ClubManager-ClubManagerUITests.debug.xcconfig */;
			buildSettings = {
				ALWAYS_EMBED_SWIFT_STANDARD_LIBRARIES = YES;
				CODE_SIGN_STYLE = Automatic;
				CURRENT_PROJECT_VERSION = 1;
				DEVELOPMENT_TEAM = K4Z8YS9YYL;
				GENERATE_INFOPLIST_FILE = YES;
				MARKETING_VERSION = 1.0;
				PRODUCT_BUNDLE_IDENTIFIER = com.ClubManagerUITests;
				PRODUCT_NAME = "$(TARGET_NAME)";
				SWIFT_EMIT_LOC_STRINGS = NO;
				SWIFT_VERSION = 5.0;
				TARGETED_DEVICE_FAMILY = "1,2";
				TEST_TARGET_NAME = ClubManager;
			};
			name = Debug;
		};
		482C0BCE2B25E02D006EDAC8 /* Release */ = {
			isa = XCBuildConfiguration;
			baseConfigurationReference = 18ECCFD065744797D603CD6A /* Pods-ClubManager-ClubManagerUITests.release.xcconfig */;
			buildSettings = {
				ALWAYS_EMBED_SWIFT_STANDARD_LIBRARIES = YES;
				CODE_SIGN_STYLE = Automatic;
				CURRENT_PROJECT_VERSION = 1;
				DEVELOPMENT_TEAM = K4Z8YS9YYL;
				GENERATE_INFOPLIST_FILE = YES;
				MARKETING_VERSION = 1.0;
				PRODUCT_BUNDLE_IDENTIFIER = com.ClubManagerUITests;
				PRODUCT_NAME = "$(TARGET_NAME)";
				SWIFT_EMIT_LOC_STRINGS = NO;
				SWIFT_VERSION = 5.0;
				TARGETED_DEVICE_FAMILY = "1,2";
				TEST_TARGET_NAME = ClubManager;
			};
			name = Release;
		};
/* End XCBuildConfiguration section */

/* Begin XCConfigurationList section */
		482C0B9D2B25E027006EDAC8 /* Build configuration list for PBXProject "ClubManager" */ = {
			isa = XCConfigurationList;
			buildConfigurations = (
				482C0BC42B25E02D006EDAC8 /* Debug */,
				482C0BC52B25E02D006EDAC8 /* Release */,
			);
			defaultConfigurationIsVisible = 0;
			defaultConfigurationName = Release;
		};
		482C0BC62B25E02D006EDAC8 /* Build configuration list for PBXNativeTarget "ClubManager" */ = {
			isa = XCConfigurationList;
			buildConfigurations = (
				482C0BC72B25E02D006EDAC8 /* Debug */,
				482C0BC82B25E02D006EDAC8 /* Release */,
			);
			defaultConfigurationIsVisible = 0;
			defaultConfigurationName = Release;
		};
		482C0BC92B25E02D006EDAC8 /* Build configuration list for PBXNativeTarget "ClubManagerTests" */ = {
			isa = XCConfigurationList;
			buildConfigurations = (
				482C0BCA2B25E02D006EDAC8 /* Debug */,
				482C0BCB2B25E02D006EDAC8 /* Release */,
			);
			defaultConfigurationIsVisible = 0;
			defaultConfigurationName = Release;
		};
		482C0BCC2B25E02D006EDAC8 /* Build configuration list for PBXNativeTarget "ClubManagerUITests" */ = {
			isa = XCConfigurationList;
			buildConfigurations = (
				482C0BCD2B25E02D006EDAC8 /* Debug */,
				482C0BCE2B25E02D006EDAC8 /* Release */,
			);
			defaultConfigurationIsVisible = 0;
			defaultConfigurationName = Release;
		};
/* End XCConfigurationList section */
	};
	rootObject = 482C0B9A2B25E027006EDAC8 /* Project object */;
}
