PODS:
  - Alamofire (5.5.0)
  - KakaoSDKAuth (2.19.0):
    - KakaoSDKCommon (= 2.19.0)
  - KakaoSDKCommon (2.19.0):
    - KakaoSDKCommon/Common (= 2.19.0)
    - KakaoSDKCommon/Network (= 2.19.0)
  - KakaoSDKCommon/Common (2.19.0)
  - KakaoSDKCommon/Network (2.19.0):
    - Alamofire (~> 5.1)
    - KakaoSDKCommon/Common (= 2.19.0)
  - KakaoSDKUser (2.19.0):
    - KakaoSDKAuth (= 2.19.0)

DEPENDENCIES:
  - KakaoSDKAuth
  - KakaoSDKCommon
  - KakaoSDKUser

SPEC REPOS:
  trunk:
    - Alamofire
    - KakaoSDKAuth
    - KakaoSDKCommon
    - KakaoSDKUser

SPEC CHECKSUMS:
  Alamofire: 1c4fb5369c3fe93d2857c780d8bbe09f06f97e7c
  KakaoSDKAuth: a1b4c416e54fbfdf086db8591405a17f88ffea64
  KakaoSDKCommon: d642a52ccf618036478643694212c072d5eceea6
  KakaoSDKUser: f21d7c3baf7cf2d08784cafc97aa9d49f2141624

PODFILE CHECKSUM: 1596dd5edc6453a93e6296d0677f9d937f6d3196

COCOAPODS: 1.9.3
